
Microsoft Visual Studio Solution File, Format Version 11.00
# Visual Studio 2010
Project("{8BC9CEB8-8B4A-11D0-8D11-00A0C91BC942}") = "testSocket", "testSocket\testSocket.vcxproj", "{C1D0058D-DF12-4970-90E3-7A15C82509B8}"
EndProject
Project("{8BC9CEB8-8B4A-11D0-8D11-00A0C91BC942}") = "tcpServer", "tcpServer\tcpServer.vcxproj", "{33818AA8-9FDF-4A99-BFC0-A312A44FB826}"
EndProject
Global
	GlobalSection(SolutionConfigurationPlatforms) = preSolution
		Debug|Win32 = Debug|Win32
		Release|Win32 = Release|Win32
	EndGlobalSection
	GlobalSection(ProjectConfigurationPlatforms) = postSolution
		{C1D0058D-DF12-4970-90E3-7A15C82509B8}.Debug|Win32.ActiveCfg = Debug|Win32
		{C1D0058D-DF12-4970-90E3-7A15C82509B8}.Debug|Win32.Build.0 = Debug|Win32
		{C1D0058D-DF12-4970-90E3-7A15C82509B8}.Release|Win32.ActiveCfg = Release|Win32
		{C1D0058D-DF12-4970-90E3-7A15C82509B8}.Release|Win32.Build.0 = Release|Win32
		{33818AA8-9FDF-4A99-BFC0-A312A44FB826}.Debug|Win32.ActiveCfg = Debug|Win32
		{33818AA8-9FDF-4A99-BFC0-A312A44FB826}.Debug|Win32.Build.0 = Debug|Win32
		{33818AA8-9FDF-4A99-BFC0-A312A44FB826}.Release|Win32.ActiveCfg = Release|Win32
		{33818AA8-9FDF-4A99-BFC0-A312A44FB826}.Release|Win32.Build.0 = Release|Win32
	EndGlobalSection
	GlobalSection(SolutionProperties) = preSolution
		HideSolutionNode = FALSE
	EndGlobalSection
EndGlobal
